
Microsoft Visual Studio Solution File, Format Version 12.00
# Visual Studio 2013
VisualStudioVersion = 12.0.30501.0
MinimumVisualStudioVersion = 10.0.40219.1
Project("{FAE04EC0-301F-11D3-BF4B-00C04F79EFBC}") = "SingleHtml", "SingleHtml\SingleHtml.csproj", "{4577AF74-756A-4A55-91B0-7944348CBD26}"
EndProject
Global
	GlobalSection(SolutionConfigurationPlatforms) = preSolution
		Debug|Any CPU = Debug|Any CPU
		Release|Any CPU = Release|Any CPU
	EndGlobalSection
	GlobalSection(ProjectConfigurationPlatforms) = postSolution
		{4577AF74-756A-4A55-91B0-7944348CBD26}.Debug|Any CPU.ActiveCfg = Debug|Any CPU
		{4577AF74-756A-4A55-91B0-7944348CBD26}.Debug|Any CPU.Build.0 = Debug|Any CPU
		{4577AF74-756A-4A55-91B0-7944348CBD26}.Release|Any CPU.ActiveCfg = Release|Any CPU
		{4577AF74-756A-4A55-91B0-7944348CBD26}.Release|Any CPU.Build.0 = Release|Any CPU
	EndGlobalSection
	GlobalSection(SolutionProperties) = preSolution
		HideSolutionNode = FALSE
	EndGlobalSection
EndGlobal
